{
  "name": "testFR",
  "version": "1.0.0",
  "lockfileVersion": 1,
  "requires": true,
  "dependencies": {
    "dlib-build": {
      "version": "0.1.0",
      "resolved": "https://registry.npmjs.org/dlib-build/-/dlib-build-0.1.0.tgz",
      "integrity": "sha512-Ar3D0roNlXCmpMiwgpKIWxSmm0cdKehuyFe9mNHTDsOM1I716p5/3ml21gf40MIwhy5H83ChRQ2pmn+hB3CdPA=="
    },
    "face-recognition": {
      "version": "0.7.0",
      "resolved": "https://registry.npmjs.org/face-recognition/-/face-recognition-0.7.0.tgz",
      "integrity": "sha512-wEe2OX5qmCxbo7tL+wENdeSwc0kjVN6rgi3bqSvmNFN/UiuPZcLNgDL3GPzZTgZjpCI3AxDBvsPP++VC1SNk5Q==",
      "requires": {
        "dlib-build": "0.1.0",
        "face-recognition-models": "0.0.0",
        "nan": "2.9.2",
        "native-node-utils": "0.0.0"
      }
    },
    "face-recognition-models": {
      "version": "0.0.0",
      "resolved": "https://registry.npmjs.org/face-recognition-models/-/face-recognition-models-0.0.0.tgz",
      "integrity": "sha512-h3teFmhFxGvbDZ4fXWcgsUFTatvluwBWerlpzL3yqZG6y1heIIkg5CJxlXL5k4NPgLjvskdUOtuM0b8YYHztxg=="
    },
    "nan": {
      "version": "2.9.2",
      "resolved": "https://registry.npmjs.org/nan/-/nan-2.9.2.tgz",
      "integrity": "sha512-ltW65co7f3PQWBDbqVvaU1WtFJUsNW7sWWm4HINhbMQIyVyzIeyZ8toX5TC5eeooE6piZoaEh4cZkueSKG3KYw=="
    },
    "native-node-utils": {
      "version": "0.0.0",
      "resolved": "https://registry.npmjs.org/native-node-utils/-/native-node-utils-0.0.0.tgz",
      "integrity": "sha512-ER34gOTuK47jkzAoN+0EzPh3bGWxxrn+yN/qA+jCCUB4qcvTLMZfY1B80GReLmZ7guXvxFv73iG40o93Q91ErQ==",
      "requires": {
        "nan": "2.9.2"
      }
    }
  }
}
